{
	"name": "react-magma-dom-codesandbox-template",
	"version": "1.0.1-alpha.4",
	"lockfileVersion": 1,
	"requires": true,
	"dependencies": {
		"date-fns": {
			"version": "2.16.1",
			"resolved": "https://registry.npmjs.org/date-fns/-/date-fns-2.16.1.tgz",
			"integrity": "sha512-sAJVKx/FqrLYHAQeN7VpJrPhagZc9R4ImZIWYRFZaaohR3KzmuK88touwsSwSVT8Qcbd4zoDsnGfX4GFB4imyQ=="
		}
	}
}
