{
  "name": "@cengage-patterns/header",
  "version": "4.0.1-next.0",
  "lockfileVersion": 1,
  "requires": true,
  "dependencies": {
    "react-magma-icons": {
      "version": "2.4.0",
      "resolved": "https://registry.npmjs.org/react-magma-icons/-/react-magma-icons-2.4.0.tgz",
      "integrity": "sha512-C4rPgj9OA220gze0C0dR9svl1Babmp8URK9201mG7nD/7BTEwzUlarOaJY9FKq9/CrllvFX81YJUnpZzcAF4LA==",
      "dev": true,
      "requires": {
        "@types/node": "^15.3.0",
        "@types/react": "^16.9.0",
        "@types/uuid": "^8.3.0"
      },
      "dependencies": {
        "@types/node": {
          "version": "15.14.9",
          "resolved": "https://registry.npmjs.org/@types/node/-/node-15.14.9.tgz",
          "integrity": "sha512-qjd88DrCxupx/kJD5yQgZdcYKZKSIGBVDIBE1/LTGcNm3d2Np/jxojkdePDdfnBHJc5W7vSMpbJ1aB7p/Py69A==",
          "dev": true
        },
        "@types/prop-types": {
          "version": "15.7.5",
          "resolved": "https://registry.npmjs.org/@types/prop-types/-/prop-types-15.7.5.tgz",
          "integrity": "sha512-JCB8C6SnDoQf0cNycqd/35A7MjcnK+ZTqE7judS6o7utxUCg6imJg3QK2qzHKszlTjcj2cn+NwMB2i96ubpj7w==",
          "dev": true
        },
        "@types/react": {
          "version": "16.14.34",
          "resolved": "https://registry.npmjs.org/@types/react/-/react-16.14.34.tgz",
          "integrity": "sha512-b99nWeGGReLh6aKBppghVqp93dFJtgtDOzc8NXM6hewD8PQ2zZG5kBLgbx+VJr7Q7WBMjHxaIl3dwpwwPIUgyA==",
          "dev": true,
          "requires": {
            "@types/prop-types": "*",
            "@types/scheduler": "*",
            "csstype": "^3.0.2"
          }
        },
        "@types/scheduler": {
          "version": "0.16.2",
          "resolved": "https://registry.npmjs.org/@types/scheduler/-/scheduler-0.16.2.tgz",
          "integrity": "sha512-hppQEBDmlwhFAXKJX2KnWLYu5yMfi91yazPb2l+lbJiwW+wdo1gNeRA+3RgNSO39WYX2euey41KEwnqesU2Jew==",
          "dev": true
        },
        "@types/uuid": {
          "version": "8.3.4",
          "resolved": "https://registry.npmjs.org/@types/uuid/-/uuid-8.3.4.tgz",
          "integrity": "sha512-c/I8ZRb51j+pYGAu5CrFMRxqZ2ke4y2grEBO5AUjgSkSk+qT2Ea+OdWElz/OiMf5MNpn2b17kuVBwZLQJXzihw==",
          "dev": true
        },
        "csstype": {
          "version": "3.1.1",
          "resolved": "https://registry.npmjs.org/csstype/-/csstype-3.1.1.tgz",
          "integrity": "sha512-DJR/VvkAvSZW9bTouZue2sSxDwdTN92uHjqeKVm+0dAqdfNykRzQ95tay8aXMBAAPpUiq4Qcug2L7neoRh2Egw==",
          "dev": true
        }
      }
    }
  }
}
