{
	"name": "react-magma-docs",
	"version": "2.2.2-next.5",
	"lockfileVersion": 2,
	"requires": true,
	"packages": {
		"": {
			"version": "2.2.2-next.5",
			"license": "MIT",
			"dependencies": {
				"core-js": "^3.1.4"
			}
		},
		"../../packages/react-magma-dom": {
			"version": "2.5.1-next.5",
			"integrity": "sha512-CaCI220i1aN5CtR9xmbvPjUcabKBEXkTm/YfsX8F877aJsUUGNONPclPP8LlC6aizdfoTn2OALmEIt/7cfTqTA==",
			"extraneous": true,
			"dependencies": {
				"@popperjs/core": "^2.6.0",
				"csstype": "^3.0.8",
				"polished": "^3.2.0",
				"react-popper": "^2.2.4"
			},
			"devDependencies": {
				"@emotion/core": "^10.1.1",
				"@emotion/styled": "^10.0.27",
				"date-fns": "^2.16.1",
				"downshift": "^5.4.5",
				"framer-motion": "^4.1.11",
				"mkdirp": "^1.0.4",
				"react": "^16.10.0",
				"react-dom": "^16.10.0",
				"react-magma-icons": "^2.3.0",
				"uuid": "^8.3.0"
			},
			"peerDependencies": {
				"@emotion/core": "^10.1.1",
				"@emotion/styled": "^10.0.27",
				"date-fns": "^2.12.0",
				"downshift": "^5.4.5",
				"framer-motion": "^4.1.11",
				"react": "^15.0.0 || ^16.0.0",
				"react-dom": "^15.0.0 || ^16.0.0",
				"react-magma-icons": "^2.3.0",
				"uuid": "^8.3.0"
			}
		},
		"../../packages/schema-renderer": {
			"name": "@react-magma/schema-renderer",
			"version": "0.0.2-next.0",
			"extraneous": true,
			"license": "MIT",
			"devDependencies": {
				"@data-driven-forms/react-form-renderer": "^3.6.0",
				"@emotion/core": "^10.1.1",
				"@emotion/styled": "^10.0.27",
				"date-fns": "^2.16.1",
				"downshift": "^5.4.5",
				"react": "^16.10.0",
				"react-dom": "^16.10.0",
				"react-dropzone": "^11.3.1",
				"react-magma-dom": "^2.5.1-next.0",
				"react-magma-icons": "^2.3.0",
				"tsdx": "^0.14.1",
				"uuid": "^8.3.0"
			},
			"engines": {
				"node": ">=10"
			},
			"peerDependencies": {
				"@data-driven-forms/react-form-renderer": "^3.6.0",
				"@emotion/core": "^10.1.1",
				"@emotion/styled": "^10.0.27",
				"date-fns": "^2.12.0",
				"downshift": "^5.4.5",
				"react": "^15.0.0 || ^16.0.0",
				"react-dom": "^15.0.0 || ^16.0.0",
				"react-dropzone": "^11.3.1",
				"react-magma-dom": "^2.5.1-next.0",
				"react-magma-icons": "^2.3.0",
				"uuid": "^8.3.0"
			}
		},
		"../../patterns/header": {
			"name": "@cengage-patterns/header",
			"version": "2.0.1-next.0",
			"extraneous": true,
			"license": "MIT",
			"devDependencies": {
				"@types/uuid": "^8.3.0"
			},
			"engines": {
				"node": ">=10"
			},
			"peerDependencies": {
				"@emotion/core": "^10.1.1",
				"@emotion/styled": "^10.0.27",
				"@types/uuid": "^8.3.0",
				"date-fns": "^2.12.0",
				"downshift": "^5.4.5",
				"react": "^15.0.0 || ^16.0.0",
				"react-dom": "^15.0.0 || ^16.0.0",
				"react-magma-dom": "^2.5.1-next.0",
				"react-magma-icons": "^2.3.0",
				"uuid": "^8.3.0"
			}
		},
		"node_modules/core-js": {
			"version": "3.16.0",
			"resolved": "https://registry.npmjs.org/core-js/-/core-js-3.16.0.tgz",
			"integrity": "sha512-5+5VxRFmSf97nM8Jr2wzOwLqRo6zphH2aX+7KsAUONObyzakDNq2G/bgbhinxB4PoV9L3aXQYhiDKyIKWd2c8g==",
			"hasInstallScript": true,
			"funding": {
				"type": "opencollective",
				"url": "https://opencollective.com/core-js"
			}
		}
	},
	"dependencies": {
		"core-js": {
			"version": "3.16.0",
			"resolved": "https://registry.npmjs.org/core-js/-/core-js-3.16.0.tgz",
			"integrity": "sha512-5+5VxRFmSf97nM8Jr2wzOwLqRo6zphH2aX+7KsAUONObyzakDNq2G/bgbhinxB4PoV9L3aXQYhiDKyIKWd2c8g=="
		}
	}
}
