{
  "name": "react-magma-docs",
  "version": "5.0.4-next.1",
  "lockfileVersion": 2,
  "requires": true,
  "packages": {
    "": {
      "name": "react-magma-docs",
      "version": "5.0.4-next.1",
      "license": "MIT",
      "dependencies": {
        "react": "^16.10.0 || ^17.2.0"
      }
    },
    "../../packages/charts": {
      "name": "@react-magma/charts",
      "version": "7.0.0-next.1",
      "extraneous": true,
      "license": "MIT",
      "dependencies": {
        "victory": "^35.4.12"
      },
      "devDependencies": {
        "@carbon/charts": "1.7.1",
        "@carbon/charts-react": "1.7.1",
        "@emotion/core": "^10.1.1",
        "@emotion/styled": "^10.0.27",
        "d3": "^7.0.0",
        "dom-to-image-more": "3.1.4",
        "identity-obj-proxy": "^3.0.0",
        "react": "^17.0.2",
        "react-dom": "^17.0.2",
        "react-magma-dom": "^3.7.0-next.0",
        "react-magma-icons": "^3.0.0"
      },
      "engines": {
        "node": "^14.15.0",
        "npm": "^7.3.0"
      },
      "peerDependencies": {
        "@emotion/core": "^10.1.1",
        "@emotion/styled": "^10.0.27",
        "react": "^17.0.2",
        "react-dom": "^17.0.2",
        "react-magma-dom": "^3.7.0-next.0",
        "react-magma-icons": "^3.0.0"
      }
    },
    "../../packages/dropzone": {
      "name": "@react-magma/dropzone",
      "version": "4.0.0-next.0",
      "extraneous": true,
      "license": "MIT",
      "dependencies": {
        "polished": "^3.2.0",
        "react-dropzone": "11.3.2"
      },
      "devDependencies": {
        "@emotion/core": "^10.1.1",
        "@emotion/styled": "^10.0.27",
        "react": "^16.10.0",
        "react-dom": "^16.10.0",
        "react-magma-dom": "^3.7.0-next.0",
        "react-magma-icons": "2.3.6"
      },
      "engines": {
        "node": "^14.15.0",
        "npm": "^7.3.0"
      },
      "peerDependencies": {
        "@emotion/core": "^10.1.1",
        "@emotion/styled": "^10.0.27",
        "react": "^15.0.0 || ^16.0.0 || ^17.0.0",
        "react-dom": "^15.0.0 || ^16.0.0 || ^17.0.0",
        "react-magma-dom": "^3.7.0-next.0",
        "react-magma-icons": "2.3.6"
      }
    },
    "../../packages/react-magma-dom": {
      "version": "3.7.0-next.0",
      "integrity": "sha512-mWbtkKyJU/2D0b7qX4B/cpJm2jfEQYpTVYsrrNMFAAlSPg2fKddm/hncId7uKVjlAP5QV5eCH9/cBir+stnpjQ==",
      "extraneous": true,
      "license": "MIT",
      "dependencies": {
        "@popperjs/core": "^2.6.0",
        "csstype": "^3.0.8",
        "polished": "^3.2.0",
        "react-popper": "^2.2.4"
      },
      "devDependencies": {
        "@emotion/core": "^10.1.1",
        "@emotion/styled": "^10.0.27",
        "@emotion/styled-base": "^10.0.27",
        "date-fns": "^2.16.1",
        "downshift": "^5.4.5",
        "framer-motion": "^4.1.11",
        "mkdirp": "^1.0.4",
        "react": "^16.10.0",
        "react-dom": "^16.10.0",
        "react-magma-icons": "2.3.6",
        "uuid": "^8.3.0"
      },
      "peerDependencies": {
        "@emotion/core": "^10.1.1",
        "@emotion/styled": "^10.0.27",
        "date-fns": "^2.12.0",
        "downshift": "^5.4.5",
        "framer-motion": "^4.1.11",
        "react": "^15.0.0 || ^16.0.0",
        "react-dom": "^15.0.0 || ^16.0.0",
        "react-magma-icons": "2.3.6",
        "uuid": "^8.3.0"
      }
    },
    "../../packages/schema-renderer": {
      "name": "@react-magma/schema-renderer",
      "version": "4.0.0-next.0",
      "extraneous": true,
      "license": "MIT",
      "devDependencies": {
        "@data-driven-forms/react-form-renderer": "^3.6.0",
        "@emotion/core": "^10.1.1",
        "@emotion/styled": "^10.0.27",
        "date-fns": "^2.16.1",
        "downshift": "^5.4.5",
        "react": "^16.10.0",
        "react-dom": "^16.10.0",
        "react-dropzone": "11.3.2",
        "react-magma-dom": "^3.7.0-next.0",
        "react-magma-icons": "2.3.6",
        "tsdx": "^0.14.1",
        "uuid": "^8.3.0"
      },
      "engines": {
        "node": ">=10"
      },
      "peerDependencies": {
        "@data-driven-forms/react-form-renderer": "^3.6.0",
        "@emotion/core": "^10.1.1",
        "@emotion/styled": "^10.0.27",
        "date-fns": "^2.12.0",
        "downshift": "^5.4.5",
        "react": "^15.0.0 || ^16.0.0 || ^17.0.0",
        "react-dom": "^15.0.0 || ^16.0.0 || ^17.0.0",
        "react-magma-dom": "^3.7.0-next.0",
        "react-magma-icons": "2.3.6",
        "uuid": "^8.3.0"
      }
    },
    "../../patterns/header": {
      "name": "@cengage-patterns/header",
      "version": "6.0.0-next.0",
      "extraneous": true,
      "license": "MIT",
      "devDependencies": {
        "@emotion/core": "^10.1.1",
        "@emotion/styled": "^10.0.27",
        "@types/uuid": "^8.3.0",
        "date-fns": "^2.16.1",
        "downshift": "^5.4.5",
        "react": "^16.10.0",
        "react-dom": "^16.10.0",
        "react-magma-dom": "^3.7.0-next.0",
        "react-magma-icons": "2.3.6",
        "uuid": "^8.3.0"
      },
      "engines": {
        "node": ">=10"
      },
      "peerDependencies": {
        "@emotion/core": "^10.1.1",
        "@emotion/styled": "^10.0.27",
        "@types/uuid": "^8.3.0",
        "date-fns": "^2.12.0",
        "downshift": "^5.4.5",
        "react": "^15.0.0 || ^16.0.0",
        "react-dom": "^15.0.0 || ^16.0.0",
        "react-magma-dom": "^3.7.0-next.0",
        "react-magma-icons": "2.3.6",
        "uuid": "^8.3.0"
      }
    },
    "node_modules/js-tokens": {
      "version": "4.0.0",
      "integrity": "sha512-RdJUflcE3cUzKiMqQgsCu06FPu9UdIJO0beYbPhHN4k6apgJtifcoCtT9bcxOpYBtpD2kCM6Sbzg4CausW/PKQ=="
    },
    "node_modules/loose-envify": {
      "version": "1.4.0",
      "resolved": "https://registry.npmjs.org/loose-envify/-/loose-envify-1.4.0.tgz",
      "integrity": "sha512-lyuxPGr/Wfhrlem2CL/UcnUc1zcqKAImBDzukY7Y5F/yQiNdko6+fRLevlw1HgMySw7f611UIY408EtxRSoK3Q==",
      "dependencies": {
        "js-tokens": "^3.0.0 || ^4.0.0"
      },
      "bin": {
        "loose-envify": "cli.js"
      }
    },
    "node_modules/object-assign": {
      "version": "4.1.1",
      "resolved": "https://registry.npmjs.org/object-assign/-/object-assign-4.1.1.tgz",
      "integrity": "sha512-rJgTQnkUnH1sFw8yT6VSU3zD3sWmu6sZhIseY8VX+GRu3P6F7Fu+JNDoXfklElbLJSnc3FUQHVe4cU5hj+BcUg==",
      "engines": {
        "node": ">=0.10.0"
      }
    },
    "node_modules/prop-types": {
      "version": "15.8.1",
      "resolved": "https://registry.npmjs.org/prop-types/-/prop-types-15.8.1.tgz",
      "integrity": "sha512-oj87CgZICdulUohogVAR7AjlC0327U4el4L6eAvOqCeudMDVU0NThNaV+b9Df4dXgSP1gXMTnPdhfe/2qDH5cg==",
      "dependencies": {
        "loose-envify": "^1.4.0",
        "object-assign": "^4.1.1",
        "react-is": "^16.13.1"
      }
    },
    "node_modules/react": {
      "version": "16.14.0",
      "resolved": "https://registry.npmjs.org/react/-/react-16.14.0.tgz",
      "integrity": "sha512-0X2CImDkJGApiAlcf0ODKIneSwBPhqJawOa5wCtKbu7ZECrmS26NvtSILynQ66cgkT/RJ4LidJOc3bUESwmU8g==",
      "dependencies": {
        "loose-envify": "^1.1.0",
        "object-assign": "^4.1.1",
        "prop-types": "^15.6.2"
      },
      "engines": {
        "node": ">=0.10.0"
      }
    },
    "node_modules/react-is": {
      "version": "16.13.1",
      "resolved": "https://registry.npmjs.org/react-is/-/react-is-16.13.1.tgz",
      "integrity": "sha512-24e6ynE2H+OKt4kqsOvNd8kBpV65zoxbA4BVsEOB3ARVWQki/DHzaUoC5KuON/BiccDaCCTZBuOcfZs70kR8bQ=="
    }
  },
  "dependencies": {
    "js-tokens": {
      "version": "4.0.0",
      "integrity": "sha512-RdJUflcE3cUzKiMqQgsCu06FPu9UdIJO0beYbPhHN4k6apgJtifcoCtT9bcxOpYBtpD2kCM6Sbzg4CausW/PKQ=="
    },
    "loose-envify": {
      "version": "1.4.0",
      "resolved": "https://registry.npmjs.org/loose-envify/-/loose-envify-1.4.0.tgz",
      "integrity": "sha512-lyuxPGr/Wfhrlem2CL/UcnUc1zcqKAImBDzukY7Y5F/yQiNdko6+fRLevlw1HgMySw7f611UIY408EtxRSoK3Q==",
      "requires": {
        "js-tokens": "^3.0.0 || ^4.0.0"
      }
    },
    "object-assign": {
      "version": "4.1.1",
      "resolved": "https://registry.npmjs.org/object-assign/-/object-assign-4.1.1.tgz",
      "integrity": "sha512-rJgTQnkUnH1sFw8yT6VSU3zD3sWmu6sZhIseY8VX+GRu3P6F7Fu+JNDoXfklElbLJSnc3FUQHVe4cU5hj+BcUg=="
    },
    "prop-types": {
      "version": "15.8.1",
      "resolved": "https://registry.npmjs.org/prop-types/-/prop-types-15.8.1.tgz",
      "integrity": "sha512-oj87CgZICdulUohogVAR7AjlC0327U4el4L6eAvOqCeudMDVU0NThNaV+b9Df4dXgSP1gXMTnPdhfe/2qDH5cg==",
      "requires": {
        "loose-envify": "^1.4.0",
        "object-assign": "^4.1.1",
        "react-is": "^16.13.1"
      }
    },
    "react": {
      "version": "16.14.0",
      "resolved": "https://registry.npmjs.org/react/-/react-16.14.0.tgz",
      "integrity": "sha512-0X2CImDkJGApiAlcf0ODKIneSwBPhqJawOa5wCtKbu7ZECrmS26NvtSILynQ66cgkT/RJ4LidJOc3bUESwmU8g==",
      "requires": {
        "loose-envify": "^1.1.0",
        "object-assign": "^4.1.1",
        "prop-types": "^15.6.2"
      }
    },
    "react-is": {
      "version": "16.13.1",
      "resolved": "https://registry.npmjs.org/react-is/-/react-is-16.13.1.tgz",
      "integrity": "sha512-24e6ynE2H+OKt4kqsOvNd8kBpV65zoxbA4BVsEOB3ARVWQki/DHzaUoC5KuON/BiccDaCCTZBuOcfZs70kR8bQ=="
    }
  }
}
