{
  "name": "@react-magma/dropzone",
  "version": "7.0.1-next.0",
  "lockfileVersion": 2,
  "requires": true,
  "packages": {
    "": {
      "name": "@react-magma/dropzone",
      "version": "7.0.1-next.0",
      "license": "MIT",
      "dependencies": {
        "react-dropzone": "14.2.3"
      },
      "engines": {
        "node": "^14.15.0",
        "npm": "^7.3.0"
      },
      "peerDependencies": {
        "@emotion/core": "^10.1.1",
        "@emotion/styled": "^10.0.27",
        "react": "^17.0.2",
        "react-dom": "^17.0.2",
        "react-magma-dom": "^4.4.1-next.0",
        "react-magma-icons": "^3.0.0"
      }
    },
    "node_modules/attr-accept": {
      "version": "2.2.2",
      "resolved": "https://registry.npmjs.org/attr-accept/-/attr-accept-2.2.2.tgz",
      "integrity": "sha512-7prDjvt9HmqiZ0cl5CRjtS84sEyhsHP2coDkaZKRKVfCDo9s7iw7ChVmar78Gu9pC4SoR/28wFu/G5JJhTnqEg==",
      "engines": {
        "node": ">=4"
      }
    },
    "node_modules/js-tokens": {
      "version": "4.0.0",
      "resolved": "https://registry.npmjs.org/js-tokens/-/js-tokens-4.0.0.tgz",
      "integrity": "sha512-RdJUflcE3cUzKiMqQgsCu06FPu9UdIJO0beYbPhHN4k6apgJtifcoCtT9bcxOpYBtpD2kCM6Sbzg4CausW/PKQ=="
    },
    "node_modules/loose-envify": {
      "version": "1.4.0",
      "resolved": "https://registry.npmjs.org/loose-envify/-/loose-envify-1.4.0.tgz",
      "integrity": "sha512-lyuxPGr/Wfhrlem2CL/UcnUc1zcqKAImBDzukY7Y5F/yQiNdko6+fRLevlw1HgMySw7f611UIY408EtxRSoK3Q==",
      "dependencies": {
        "js-tokens": "^3.0.0 || ^4.0.0"
      },
      "bin": {
        "loose-envify": "cli.js"
      }
    },
    "node_modules/object-assign": {
      "version": "4.1.1",
      "resolved": "https://registry.npmjs.org/object-assign/-/object-assign-4.1.1.tgz",
      "integrity": "sha1-IQmtx5ZYh8/AXLvUQsrIv7s2CGM=",
      "engines": {
        "node": ">=0.10.0"
      }
    },
    "node_modules/prop-types": {
      "version": "15.8.1",
      "resolved": "https://registry.npmjs.org/prop-types/-/prop-types-15.8.1.tgz",
      "integrity": "sha512-oj87CgZICdulUohogVAR7AjlC0327U4el4L6eAvOqCeudMDVU0NThNaV+b9Df4dXgSP1gXMTnPdhfe/2qDH5cg==",
      "dependencies": {
        "loose-envify": "^1.4.0",
        "object-assign": "^4.1.1",
        "react-is": "^16.13.1"
      }
    },
    "node_modules/react-dropzone": {
      "version": "14.2.3",
      "resolved": "https://registry.npmjs.org/react-dropzone/-/react-dropzone-14.2.3.tgz",
      "integrity": "sha512-O3om8I+PkFKbxCukfIR3QAGftYXDZfOE2N1mr/7qebQJHs7U+/RSL/9xomJNpRg9kM5h9soQSdf0Gc7OHF5Fug==",
      "dependencies": {
        "attr-accept": "^2.2.2",
        "file-selector": "^0.6.0",
        "prop-types": "^15.8.1"
      },
      "engines": {
        "node": ">= 10.13"
      },
      "peerDependencies": {
        "react": ">= 16.8 || 18.0.0"
      }
    },
    "node_modules/react-dropzone/node_modules/file-selector": {
      "version": "0.6.0",
      "resolved": "https://registry.npmjs.org/file-selector/-/file-selector-0.6.0.tgz",
      "integrity": "sha512-QlZ5yJC0VxHxQQsQhXvBaC7VRJ2uaxTf+Tfpu4Z/OcVQJVpZO+DGU0rkoVW5ce2SccxugvpBJoMvUs59iILYdw==",
      "dependencies": {
        "tslib": "^2.4.0"
      },
      "engines": {
        "node": ">= 12"
      }
    },
    "node_modules/react-dropzone/node_modules/tslib": {
      "version": "2.6.3",
      "resolved": "https://registry.npmjs.org/tslib/-/tslib-2.6.3.tgz",
      "integrity": "sha512-xNvxJEOUiWPGhUuUdQgAJPKOOJfGnIyKySOc09XkKsgdUV/3E2zvwZYdejjmRgPCgcym1juLH3226yA7sEFJKQ=="
    },
    "node_modules/react-is": {
      "version": "16.13.1",
      "resolved": "https://registry.npmjs.org/react-is/-/react-is-16.13.1.tgz",
      "integrity": "sha512-24e6ynE2H+OKt4kqsOvNd8kBpV65zoxbA4BVsEOB3ARVWQki/DHzaUoC5KuON/BiccDaCCTZBuOcfZs70kR8bQ=="
    }
  },
  "dependencies": {
    "attr-accept": {
      "version": "2.2.2",
      "resolved": "https://registry.npmjs.org/attr-accept/-/attr-accept-2.2.2.tgz",
      "integrity": "sha512-7prDjvt9HmqiZ0cl5CRjtS84sEyhsHP2coDkaZKRKVfCDo9s7iw7ChVmar78Gu9pC4SoR/28wFu/G5JJhTnqEg=="
    },
    "js-tokens": {
      "version": "4.0.0",
      "resolved": "https://registry.npmjs.org/js-tokens/-/js-tokens-4.0.0.tgz",
      "integrity": "sha512-RdJUflcE3cUzKiMqQgsCu06FPu9UdIJO0beYbPhHN4k6apgJtifcoCtT9bcxOpYBtpD2kCM6Sbzg4CausW/PKQ=="
    },
    "loose-envify": {
      "version": "1.4.0",
      "resolved": "https://registry.npmjs.org/loose-envify/-/loose-envify-1.4.0.tgz",
      "integrity": "sha512-lyuxPGr/Wfhrlem2CL/UcnUc1zcqKAImBDzukY7Y5F/yQiNdko6+fRLevlw1HgMySw7f611UIY408EtxRSoK3Q==",
      "requires": {
        "js-tokens": "^3.0.0 || ^4.0.0"
      }
    },
    "object-assign": {
      "version": "4.1.1",
      "resolved": "https://registry.npmjs.org/object-assign/-/object-assign-4.1.1.tgz",
      "integrity": "sha1-IQmtx5ZYh8/AXLvUQsrIv7s2CGM="
    },
    "prop-types": {
      "version": "15.8.1",
      "resolved": "https://registry.npmjs.org/prop-types/-/prop-types-15.8.1.tgz",
      "integrity": "sha512-oj87CgZICdulUohogVAR7AjlC0327U4el4L6eAvOqCeudMDVU0NThNaV+b9Df4dXgSP1gXMTnPdhfe/2qDH5cg==",
      "requires": {
        "loose-envify": "^1.4.0",
        "object-assign": "^4.1.1",
        "react-is": "^16.13.1"
      }
    },
    "react-dropzone": {
      "version": "14.2.3",
      "resolved": "https://registry.npmjs.org/react-dropzone/-/react-dropzone-14.2.3.tgz",
      "integrity": "sha512-O3om8I+PkFKbxCukfIR3QAGftYXDZfOE2N1mr/7qebQJHs7U+/RSL/9xomJNpRg9kM5h9soQSdf0Gc7OHF5Fug==",
      "requires": {
        "attr-accept": "^2.2.2",
        "file-selector": "^0.6.0",
        "prop-types": "^15.8.1"
      },
      "dependencies": {
        "file-selector": {
          "version": "0.6.0",
          "resolved": "https://registry.npmjs.org/file-selector/-/file-selector-0.6.0.tgz",
          "integrity": "sha512-QlZ5yJC0VxHxQQsQhXvBaC7VRJ2uaxTf+Tfpu4Z/OcVQJVpZO+DGU0rkoVW5ce2SccxugvpBJoMvUs59iILYdw==",
          "requires": {
            "tslib": "^2.4.0"
          }
        },
        "tslib": {
          "version": "2.6.3",
          "resolved": "https://registry.npmjs.org/tslib/-/tslib-2.6.3.tgz",
          "integrity": "sha512-xNvxJEOUiWPGhUuUdQgAJPKOOJfGnIyKySOc09XkKsgdUV/3E2zvwZYdejjmRgPCgcym1juLH3226yA7sEFJKQ=="
        }
      }
    },
    "react-is": {
      "version": "16.13.1",
      "resolved": "https://registry.npmjs.org/react-is/-/react-is-16.13.1.tgz",
      "integrity": "sha512-24e6ynE2H+OKt4kqsOvNd8kBpV65zoxbA4BVsEOB3ARVWQki/DHzaUoC5KuON/BiccDaCCTZBuOcfZs70kR8bQ=="
    }
  }
}
