{
	"name": "@react-magma/file-uploader",
	"version": "0.0.1-next.0",
	"lockfileVersion": 2,
	"requires": true,
	"packages": {
		"": {
			"name": "@react-magma/file-uploader",
			"version": "0.0.1-next.0",
			"license": "MIT",
			"dependencies": {
				"react-dropzone": "11.3.2"
			},
			"engines": {
				"node": "^14.15.0",
				"npm": "^7.3.0"
			},
			"peerDependencies": {
				"@emotion/core": "^10.1.1",
				"@emotion/styled": "^10.0.27",
				"react": "^15.0.0 || ^16.0.0",
				"react-dom": "^15.0.0 || ^16.0.0"
			}
		},
		"node_modules/@babel/code-frame": {
			"version": "7.12.13",
			"license": "MIT",
			"peer": true,
			"dependencies": {
				"@babel/highlight": "^7.12.13"
			}
		},
		"node_modules/@babel/helper-module-imports": {
			"version": "7.13.12",
			"license": "MIT",
			"peer": true,
			"dependencies": {
				"@babel/types": "^7.13.12"
			}
		},
		"node_modules/@babel/helper-validator-identifier": {
			"version": "7.14.0",
			"license": "MIT",
			"peer": true
		},
		"node_modules/@babel/highlight": {
			"version": "7.14.0",
			"license": "MIT",
			"peer": true,
			"dependencies": {
				"@babel/helper-validator-identifier": "^7.14.0",
				"chalk": "^2.0.0",
				"js-tokens": "^4.0.0"
			}
		},
		"node_modules/@babel/runtime": {
			"version": "7.14.0",
			"license": "MIT",
			"peer": true,
			"dependencies": {
				"regenerator-runtime": "^0.13.4"
			}
		},
		"node_modules/@babel/types": {
			"version": "7.14.2",
			"license": "MIT",
			"peer": true,
			"dependencies": {
				"@babel/helper-validator-identifier": "^7.14.0",
				"to-fast-properties": "^2.0.0"
			}
		},
		"node_modules/@emotion/cache": {
			"version": "10.0.29",
			"license": "MIT",
			"peer": true,
			"dependencies": {
				"@emotion/sheet": "0.9.4",
				"@emotion/stylis": "0.8.5",
				"@emotion/utils": "0.11.3",
				"@emotion/weak-memoize": "0.2.5"
			}
		},
		"node_modules/@emotion/core": {
			"version": "10.1.1",
			"resolved": "https://registry.npmjs.org/@emotion/core/-/core-10.1.1.tgz",
			"integrity": "sha512-ZMLG6qpXR8x031NXD8HJqugy/AZSkAuMxxqB46pmAR7ze47MhNJ56cdoX243QPZdGctrdfo+s08yZTiwaUcRKA==",
			"peer": true,
			"dependencies": {
				"@babel/runtime": "^7.5.5",
				"@emotion/cache": "^10.0.27",
				"@emotion/css": "^10.0.27",
				"@emotion/serialize": "^0.11.15",
				"@emotion/sheet": "0.9.4",
				"@emotion/utils": "0.11.3"
			},
			"peerDependencies": {
				"react": ">=16.3.0"
			}
		},
		"node_modules/@emotion/css": {
			"version": "10.0.27",
			"license": "MIT",
			"peer": true,
			"dependencies": {
				"@emotion/serialize": "^0.11.15",
				"@emotion/utils": "0.11.3",
				"babel-plugin-emotion": "^10.0.27"
			}
		},
		"node_modules/@emotion/hash": {
			"version": "0.8.0",
			"license": "MIT",
			"peer": true
		},
		"node_modules/@emotion/is-prop-valid": {
			"version": "0.8.8",
			"license": "MIT",
			"peer": true,
			"dependencies": {
				"@emotion/memoize": "0.7.4"
			}
		},
		"node_modules/@emotion/memoize": {
			"version": "0.7.4",
			"license": "MIT",
			"peer": true
		},
		"node_modules/@emotion/serialize": {
			"version": "0.11.16",
			"license": "MIT",
			"peer": true,
			"dependencies": {
				"@emotion/hash": "0.8.0",
				"@emotion/memoize": "0.7.4",
				"@emotion/unitless": "0.7.5",
				"@emotion/utils": "0.11.3",
				"csstype": "^2.5.7"
			}
		},
		"node_modules/@emotion/sheet": {
			"version": "0.9.4",
			"license": "MIT",
			"peer": true
		},
		"node_modules/@emotion/styled": {
			"version": "10.0.27",
			"resolved": "https://registry.npmjs.org/@emotion/styled/-/styled-10.0.27.tgz",
			"integrity": "sha512-iK/8Sh7+NLJzyp9a5+vIQIXTYxfT4yB/OJbjzQanB2RZpvmzBQOHZWhpAMZWYEKRNNbsD6WfBw5sVWkb6WzS/Q==",
			"peer": true,
			"dependencies": {
				"@emotion/styled-base": "^10.0.27",
				"babel-plugin-emotion": "^10.0.27"
			},
			"peerDependencies": {
				"@emotion/core": "^10.0.27",
				"react": ">=16.3.0"
			}
		},
		"node_modules/@emotion/styled-base": {
			"version": "10.0.31",
			"license": "MIT",
			"peer": true,
			"dependencies": {
				"@babel/runtime": "^7.5.5",
				"@emotion/is-prop-valid": "0.8.8",
				"@emotion/serialize": "^0.11.15",
				"@emotion/utils": "0.11.3"
			},
			"peerDependencies": {
				"@emotion/core": "^10.0.28",
				"react": ">=16.3.0"
			}
		},
		"node_modules/@emotion/stylis": {
			"version": "0.8.5",
			"license": "MIT",
			"peer": true
		},
		"node_modules/@emotion/unitless": {
			"version": "0.7.5",
			"license": "MIT",
			"peer": true
		},
		"node_modules/@emotion/utils": {
			"version": "0.11.3",
			"license": "MIT",
			"peer": true
		},
		"node_modules/@emotion/weak-memoize": {
			"version": "0.2.5",
			"license": "MIT",
			"peer": true
		},
		"node_modules/@types/parse-json": {
			"version": "4.0.0",
			"license": "MIT",
			"peer": true
		},
		"node_modules/ansi-styles": {
			"version": "3.2.1",
			"license": "MIT",
			"peer": true,
			"dependencies": {
				"color-convert": "^1.9.0"
			},
			"engines": {
				"node": ">=4"
			}
		},
		"node_modules/attr-accept": {
			"version": "2.2.2",
			"license": "MIT",
			"engines": {
				"node": ">=4"
			}
		},
		"node_modules/babel-plugin-emotion": {
			"version": "10.2.2",
			"license": "MIT",
			"peer": true,
			"dependencies": {
				"@babel/helper-module-imports": "^7.0.0",
				"@emotion/hash": "0.8.0",
				"@emotion/memoize": "0.7.4",
				"@emotion/serialize": "^0.11.16",
				"babel-plugin-macros": "^2.0.0",
				"babel-plugin-syntax-jsx": "^6.18.0",
				"convert-source-map": "^1.5.0",
				"escape-string-regexp": "^1.0.5",
				"find-root": "^1.1.0",
				"source-map": "^0.5.7"
			}
		},
		"node_modules/babel-plugin-macros": {
			"version": "2.8.0",
			"license": "MIT",
			"peer": true,
			"dependencies": {
				"@babel/runtime": "^7.7.2",
				"cosmiconfig": "^6.0.0",
				"resolve": "^1.12.0"
			}
		},
		"node_modules/babel-plugin-syntax-jsx": {
			"version": "6.18.0",
			"license": "MIT",
			"peer": true
		},
		"node_modules/callsites": {
			"version": "3.1.0",
			"license": "MIT",
			"peer": true,
			"engines": {
				"node": ">=6"
			}
		},
		"node_modules/chalk": {
			"version": "2.4.2",
			"license": "MIT",
			"peer": true,
			"dependencies": {
				"ansi-styles": "^3.2.1",
				"escape-string-regexp": "^1.0.5",
				"supports-color": "^5.3.0"
			},
			"engines": {
				"node": ">=4"
			}
		},
		"node_modules/color-convert": {
			"version": "1.9.3",
			"license": "MIT",
			"peer": true,
			"dependencies": {
				"color-name": "1.1.3"
			}
		},
		"node_modules/color-name": {
			"version": "1.1.3",
			"license": "MIT",
			"peer": true
		},
		"node_modules/convert-source-map": {
			"version": "1.7.0",
			"license": "MIT",
			"peer": true,
			"dependencies": {
				"safe-buffer": "~5.1.1"
			}
		},
		"node_modules/cosmiconfig": {
			"version": "6.0.0",
			"license": "MIT",
			"peer": true,
			"dependencies": {
				"@types/parse-json": "^4.0.0",
				"import-fresh": "^3.1.0",
				"parse-json": "^5.0.0",
				"path-type": "^4.0.0",
				"yaml": "^1.7.2"
			},
			"engines": {
				"node": ">=8"
			}
		},
		"node_modules/csstype": {
			"version": "2.6.17",
			"license": "MIT",
			"peer": true
		},
		"node_modules/error-ex": {
			"version": "1.3.2",
			"license": "MIT",
			"peer": true,
			"dependencies": {
				"is-arrayish": "^0.2.1"
			}
		},
		"node_modules/escape-string-regexp": {
			"version": "1.0.5",
			"license": "MIT",
			"peer": true,
			"engines": {
				"node": ">=0.8.0"
			}
		},
		"node_modules/file-selector": {
			"version": "0.2.4",
			"license": "MIT",
			"dependencies": {
				"tslib": "^2.0.3"
			},
			"engines": {
				"node": ">= 10"
			}
		},
		"node_modules/find-root": {
			"version": "1.1.0",
			"license": "MIT",
			"peer": true
		},
		"node_modules/function-bind": {
			"version": "1.1.1",
			"license": "MIT",
			"peer": true
		},
		"node_modules/has": {
			"version": "1.0.3",
			"license": "MIT",
			"peer": true,
			"dependencies": {
				"function-bind": "^1.1.1"
			},
			"engines": {
				"node": ">= 0.4.0"
			}
		},
		"node_modules/has-flag": {
			"version": "3.0.0",
			"license": "MIT",
			"peer": true,
			"engines": {
				"node": ">=4"
			}
		},
		"node_modules/import-fresh": {
			"version": "3.3.0",
			"license": "MIT",
			"peer": true,
			"dependencies": {
				"parent-module": "^1.0.0",
				"resolve-from": "^4.0.0"
			},
			"engines": {
				"node": ">=6"
			},
			"funding": {
				"url": "https://github.com/sponsors/sindresorhus"
			}
		},
		"node_modules/is-arrayish": {
			"version": "0.2.1",
			"license": "MIT",
			"peer": true
		},
		"node_modules/is-core-module": {
			"version": "2.4.0",
			"license": "MIT",
			"peer": true,
			"dependencies": {
				"has": "^1.0.3"
			},
			"funding": {
				"url": "https://github.com/sponsors/ljharb"
			}
		},
		"node_modules/js-tokens": {
			"version": "4.0.0",
			"license": "MIT"
		},
		"node_modules/json-parse-even-better-errors": {
			"version": "2.3.1",
			"license": "MIT",
			"peer": true
		},
		"node_modules/lines-and-columns": {
			"version": "1.1.6",
			"license": "MIT",
			"peer": true
		},
		"node_modules/loose-envify": {
			"version": "1.4.0",
			"license": "MIT",
			"dependencies": {
				"js-tokens": "^3.0.0 || ^4.0.0"
			},
			"bin": {
				"loose-envify": "cli.js"
			}
		},
		"node_modules/object-assign": {
			"version": "4.1.1",
			"license": "MIT",
			"engines": {
				"node": ">=0.10.0"
			}
		},
		"node_modules/parent-module": {
			"version": "1.0.1",
			"license": "MIT",
			"peer": true,
			"dependencies": {
				"callsites": "^3.0.0"
			},
			"engines": {
				"node": ">=6"
			}
		},
		"node_modules/parse-json": {
			"version": "5.2.0",
			"license": "MIT",
			"peer": true,
			"dependencies": {
				"@babel/code-frame": "^7.0.0",
				"error-ex": "^1.3.1",
				"json-parse-even-better-errors": "^2.3.0",
				"lines-and-columns": "^1.1.6"
			},
			"engines": {
				"node": ">=8"
			},
			"funding": {
				"url": "https://github.com/sponsors/sindresorhus"
			}
		},
		"node_modules/path-parse": {
			"version": "1.0.7",
			"license": "MIT",
			"peer": true
		},
		"node_modules/path-type": {
			"version": "4.0.0",
			"license": "MIT",
			"peer": true,
			"engines": {
				"node": ">=8"
			}
		},
		"node_modules/prop-types": {
			"version": "15.7.2",
			"license": "MIT",
			"dependencies": {
				"loose-envify": "^1.4.0",
				"object-assign": "^4.1.1",
				"react-is": "^16.8.1"
			}
		},
		"node_modules/react": {
			"version": "16.14.0",
			"resolved": "https://registry.npmjs.org/react/-/react-16.14.0.tgz",
			"integrity": "sha512-0X2CImDkJGApiAlcf0ODKIneSwBPhqJawOa5wCtKbu7ZECrmS26NvtSILynQ66cgkT/RJ4LidJOc3bUESwmU8g==",
			"peer": true,
			"dependencies": {
				"loose-envify": "^1.1.0",
				"object-assign": "^4.1.1",
				"prop-types": "^15.6.2"
			},
			"engines": {
				"node": ">=0.10.0"
			}
		},
		"node_modules/react-dom": {
			"version": "16.14.0",
			"resolved": "https://registry.npmjs.org/react-dom/-/react-dom-16.14.0.tgz",
			"integrity": "sha512-1gCeQXDLoIqMgqD3IO2Ah9bnf0w9kzhwN5q4FGnHZ67hBm9yePzB5JJAIQCc8x3pFnNlwFq4RidZggNAAkzWWw==",
			"peer": true,
			"dependencies": {
				"loose-envify": "^1.1.0",
				"object-assign": "^4.1.1",
				"prop-types": "^15.6.2",
				"scheduler": "^0.19.1"
			},
			"peerDependencies": {
				"react": "^16.14.0"
			}
		},
		"node_modules/react-dropzone": {
			"version": "11.3.2",
			"resolved": "https://registry.npmjs.org/react-dropzone/-/react-dropzone-11.3.2.tgz",
			"integrity": "sha512-Z0l/YHcrNK1r85o6RT77Z5XgTARmlZZGfEKBl3tqTXL9fZNQDuIdRx/J0QjvR60X+yYu26dnHeaG2pWU+1HHvw==",
			"dependencies": {
				"attr-accept": "^2.2.1",
				"file-selector": "^0.2.2",
				"prop-types": "^15.7.2"
			},
			"engines": {
				"node": ">= 10"
			},
			"peerDependencies": {
				"react": ">= 16.8"
			}
		},
		"node_modules/react-is": {
			"version": "16.13.1",
			"license": "MIT"
		},
		"node_modules/regenerator-runtime": {
			"version": "0.13.7",
			"license": "MIT",
			"peer": true
		},
		"node_modules/resolve": {
			"version": "1.20.0",
			"license": "MIT",
			"peer": true,
			"dependencies": {
				"is-core-module": "^2.2.0",
				"path-parse": "^1.0.6"
			},
			"funding": {
				"url": "https://github.com/sponsors/ljharb"
			}
		},
		"node_modules/resolve-from": {
			"version": "4.0.0",
			"license": "MIT",
			"peer": true,
			"engines": {
				"node": ">=4"
			}
		},
		"node_modules/safe-buffer": {
			"version": "5.1.2",
			"license": "MIT",
			"peer": true
		},
		"node_modules/scheduler": {
			"version": "0.19.1",
			"license": "MIT",
			"peer": true,
			"dependencies": {
				"loose-envify": "^1.1.0",
				"object-assign": "^4.1.1"
			}
		},
		"node_modules/source-map": {
			"version": "0.5.7",
			"license": "BSD-3-Clause",
			"peer": true,
			"engines": {
				"node": ">=0.10.0"
			}
		},
		"node_modules/supports-color": {
			"version": "5.5.0",
			"license": "MIT",
			"peer": true,
			"dependencies": {
				"has-flag": "^3.0.0"
			},
			"engines": {
				"node": ">=4"
			}
		},
		"node_modules/to-fast-properties": {
			"version": "2.0.0",
			"license": "MIT",
			"peer": true,
			"engines": {
				"node": ">=4"
			}
		},
		"node_modules/tslib": {
			"version": "2.2.0",
			"license": "0BSD"
		},
		"node_modules/yaml": {
			"version": "1.10.2",
			"license": "ISC",
			"peer": true,
			"engines": {
				"node": ">= 6"
			}
		}
	},
	"dependencies": {
		"@babel/code-frame": {
			"version": "7.12.13",
			"peer": true,
			"requires": {
				"@babel/highlight": "^7.12.13"
			}
		},
		"@babel/helper-module-imports": {
			"version": "7.13.12",
			"peer": true,
			"requires": {
				"@babel/types": "^7.13.12"
			}
		},
		"@babel/helper-validator-identifier": {
			"version": "7.14.0",
			"peer": true
		},
		"@babel/highlight": {
			"version": "7.14.0",
			"peer": true,
			"requires": {
				"@babel/helper-validator-identifier": "^7.14.0",
				"chalk": "^2.0.0",
				"js-tokens": "^4.0.0"
			}
		},
		"@babel/runtime": {
			"version": "7.14.0",
			"peer": true,
			"requires": {
				"regenerator-runtime": "^0.13.4"
			}
		},
		"@babel/types": {
			"version": "7.14.2",
			"peer": true,
			"requires": {
				"@babel/helper-validator-identifier": "^7.14.0",
				"to-fast-properties": "^2.0.0"
			}
		},
		"@emotion/cache": {
			"version": "10.0.29",
			"peer": true,
			"requires": {
				"@emotion/sheet": "0.9.4",
				"@emotion/stylis": "0.8.5",
				"@emotion/utils": "0.11.3",
				"@emotion/weak-memoize": "0.2.5"
			}
		},
		"@emotion/core": {
			"version": "10.1.1",
			"resolved": "https://registry.npmjs.org/@emotion/core/-/core-10.1.1.tgz",
			"integrity": "sha512-ZMLG6qpXR8x031NXD8HJqugy/AZSkAuMxxqB46pmAR7ze47MhNJ56cdoX243QPZdGctrdfo+s08yZTiwaUcRKA==",
			"peer": true,
			"requires": {
				"@babel/runtime": "^7.5.5",
				"@emotion/cache": "^10.0.27",
				"@emotion/css": "^10.0.27",
				"@emotion/serialize": "^0.11.15",
				"@emotion/sheet": "0.9.4",
				"@emotion/utils": "0.11.3"
			}
		},
		"@emotion/css": {
			"version": "10.0.27",
			"peer": true,
			"requires": {
				"@emotion/serialize": "^0.11.15",
				"@emotion/utils": "0.11.3",
				"babel-plugin-emotion": "^10.0.27"
			}
		},
		"@emotion/hash": {
			"version": "0.8.0",
			"peer": true
		},
		"@emotion/is-prop-valid": {
			"version": "0.8.8",
			"peer": true,
			"requires": {
				"@emotion/memoize": "0.7.4"
			}
		},
		"@emotion/memoize": {
			"version": "0.7.4",
			"peer": true
		},
		"@emotion/serialize": {
			"version": "0.11.16",
			"peer": true,
			"requires": {
				"@emotion/hash": "0.8.0",
				"@emotion/memoize": "0.7.4",
				"@emotion/unitless": "0.7.5",
				"@emotion/utils": "0.11.3",
				"csstype": "^2.5.7"
			}
		},
		"@emotion/sheet": {
			"version": "0.9.4",
			"peer": true
		},
		"@emotion/styled": {
			"version": "10.0.27",
			"resolved": "https://registry.npmjs.org/@emotion/styled/-/styled-10.0.27.tgz",
			"integrity": "sha512-iK/8Sh7+NLJzyp9a5+vIQIXTYxfT4yB/OJbjzQanB2RZpvmzBQOHZWhpAMZWYEKRNNbsD6WfBw5sVWkb6WzS/Q==",
			"peer": true,
			"requires": {
				"@emotion/styled-base": "^10.0.27",
				"babel-plugin-emotion": "^10.0.27"
			}
		},
		"@emotion/styled-base": {
			"version": "10.0.31",
			"peer": true,
			"requires": {
				"@babel/runtime": "^7.5.5",
				"@emotion/is-prop-valid": "0.8.8",
				"@emotion/serialize": "^0.11.15",
				"@emotion/utils": "0.11.3"
			}
		},
		"@emotion/stylis": {
			"version": "0.8.5",
			"peer": true
		},
		"@emotion/unitless": {
			"version": "0.7.5",
			"peer": true
		},
		"@emotion/utils": {
			"version": "0.11.3",
			"peer": true
		},
		"@emotion/weak-memoize": {
			"version": "0.2.5",
			"peer": true
		},
		"@types/parse-json": {
			"version": "4.0.0",
			"peer": true
		},
		"ansi-styles": {
			"version": "3.2.1",
			"peer": true,
			"requires": {
				"color-convert": "^1.9.0"
			}
		},
		"attr-accept": {
			"version": "2.2.2"
		},
		"babel-plugin-emotion": {
			"version": "10.2.2",
			"peer": true,
			"requires": {
				"@babel/helper-module-imports": "^7.0.0",
				"@emotion/hash": "0.8.0",
				"@emotion/memoize": "0.7.4",
				"@emotion/serialize": "^0.11.16",
				"babel-plugin-macros": "^2.0.0",
				"babel-plugin-syntax-jsx": "^6.18.0",
				"convert-source-map": "^1.5.0",
				"escape-string-regexp": "^1.0.5",
				"find-root": "^1.1.0",
				"source-map": "^0.5.7"
			}
		},
		"babel-plugin-macros": {
			"version": "2.8.0",
			"peer": true,
			"requires": {
				"@babel/runtime": "^7.7.2",
				"cosmiconfig": "^6.0.0",
				"resolve": "^1.12.0"
			}
		},
		"babel-plugin-syntax-jsx": {
			"version": "6.18.0",
			"peer": true
		},
		"callsites": {
			"version": "3.1.0",
			"peer": true
		},
		"chalk": {
			"version": "2.4.2",
			"peer": true,
			"requires": {
				"ansi-styles": "^3.2.1",
				"escape-string-regexp": "^1.0.5",
				"supports-color": "^5.3.0"
			}
		},
		"color-convert": {
			"version": "1.9.3",
			"peer": true,
			"requires": {
				"color-name": "1.1.3"
			}
		},
		"color-name": {
			"version": "1.1.3",
			"peer": true
		},
		"convert-source-map": {
			"version": "1.7.0",
			"peer": true,
			"requires": {
				"safe-buffer": "~5.1.1"
			}
		},
		"cosmiconfig": {
			"version": "6.0.0",
			"peer": true,
			"requires": {
				"@types/parse-json": "^4.0.0",
				"import-fresh": "^3.1.0",
				"parse-json": "^5.0.0",
				"path-type": "^4.0.0",
				"yaml": "^1.7.2"
			}
		},
		"csstype": {
			"version": "2.6.17",
			"peer": true
		},
		"error-ex": {
			"version": "1.3.2",
			"peer": true,
			"requires": {
				"is-arrayish": "^0.2.1"
			}
		},
		"escape-string-regexp": {
			"version": "1.0.5",
			"peer": true
		},
		"file-selector": {
			"version": "0.2.4",
			"requires": {
				"tslib": "^2.0.3"
			}
		},
		"find-root": {
			"version": "1.1.0",
			"peer": true
		},
		"function-bind": {
			"version": "1.1.1",
			"peer": true
		},
		"has": {
			"version": "1.0.3",
			"peer": true,
			"requires": {
				"function-bind": "^1.1.1"
			}
		},
		"has-flag": {
			"version": "3.0.0",
			"peer": true
		},
		"import-fresh": {
			"version": "3.3.0",
			"peer": true,
			"requires": {
				"parent-module": "^1.0.0",
				"resolve-from": "^4.0.0"
			}
		},
		"is-arrayish": {
			"version": "0.2.1",
			"peer": true
		},
		"is-core-module": {
			"version": "2.4.0",
			"peer": true,
			"requires": {
				"has": "^1.0.3"
			}
		},
		"js-tokens": {
			"version": "4.0.0"
		},
		"json-parse-even-better-errors": {
			"version": "2.3.1",
			"peer": true
		},
		"lines-and-columns": {
			"version": "1.1.6",
			"peer": true
		},
		"loose-envify": {
			"version": "1.4.0",
			"requires": {
				"js-tokens": "^3.0.0 || ^4.0.0"
			}
		},
		"object-assign": {
			"version": "4.1.1"
		},
		"parent-module": {
			"version": "1.0.1",
			"peer": true,
			"requires": {
				"callsites": "^3.0.0"
			}
		},
		"parse-json": {
			"version": "5.2.0",
			"peer": true,
			"requires": {
				"@babel/code-frame": "^7.0.0",
				"error-ex": "^1.3.1",
				"json-parse-even-better-errors": "^2.3.0",
				"lines-and-columns": "^1.1.6"
			}
		},
		"path-parse": {
			"version": "1.0.7",
			"peer": true
		},
		"path-type": {
			"version": "4.0.0",
			"peer": true
		},
		"prop-types": {
			"version": "15.7.2",
			"requires": {
				"loose-envify": "^1.4.0",
				"object-assign": "^4.1.1",
				"react-is": "^16.8.1"
			}
		},
		"react": {
			"version": "16.14.0",
			"resolved": "https://registry.npmjs.org/react/-/react-16.14.0.tgz",
			"integrity": "sha512-0X2CImDkJGApiAlcf0ODKIneSwBPhqJawOa5wCtKbu7ZECrmS26NvtSILynQ66cgkT/RJ4LidJOc3bUESwmU8g==",
			"peer": true,
			"requires": {
				"loose-envify": "^1.1.0",
				"object-assign": "^4.1.1",
				"prop-types": "^15.6.2"
			}
		},
		"react-dom": {
			"version": "16.14.0",
			"resolved": "https://registry.npmjs.org/react-dom/-/react-dom-16.14.0.tgz",
			"integrity": "sha512-1gCeQXDLoIqMgqD3IO2Ah9bnf0w9kzhwN5q4FGnHZ67hBm9yePzB5JJAIQCc8x3pFnNlwFq4RidZggNAAkzWWw==",
			"peer": true,
			"requires": {
				"loose-envify": "^1.1.0",
				"object-assign": "^4.1.1",
				"prop-types": "^15.6.2",
				"scheduler": "^0.19.1"
			}
		},
		"react-dropzone": {
			"version": "11.3.2",
			"resolved": "https://registry.npmjs.org/react-dropzone/-/react-dropzone-11.3.2.tgz",
			"integrity": "sha512-Z0l/YHcrNK1r85o6RT77Z5XgTARmlZZGfEKBl3tqTXL9fZNQDuIdRx/J0QjvR60X+yYu26dnHeaG2pWU+1HHvw==",
			"requires": {
				"attr-accept": "^2.2.1",
				"file-selector": "^0.2.2",
				"prop-types": "^15.7.2"
			}
		},
		"react-is": {
			"version": "16.13.1"
		},
		"regenerator-runtime": {
			"version": "0.13.7",
			"peer": true
		},
		"resolve": {
			"version": "1.20.0",
			"peer": true,
			"requires": {
				"is-core-module": "^2.2.0",
				"path-parse": "^1.0.6"
			}
		},
		"resolve-from": {
			"version": "4.0.0",
			"peer": true
		},
		"safe-buffer": {
			"version": "5.1.2",
			"peer": true
		},
		"scheduler": {
			"version": "0.19.1",
			"peer": true,
			"requires": {
				"loose-envify": "^1.1.0",
				"object-assign": "^4.1.1"
			}
		},
		"source-map": {
			"version": "0.5.7",
			"peer": true
		},
		"supports-color": {
			"version": "5.5.0",
			"peer": true,
			"requires": {
				"has-flag": "^3.0.0"
			}
		},
		"to-fast-properties": {
			"version": "2.0.0",
			"peer": true
		},
		"tslib": {
			"version": "2.2.0"
		},
		"yaml": {
			"version": "1.10.2",
			"peer": true
		}
	}
}
